
Microsoft Visual Studio Solution File, Format Version 12.00
# Visual Studio 14
VisualStudioVersion = 14.0.25420.1
MinimumVisualStudioVersion = 10.0.40219.1
Project("{8BC9CEB8-8B4A-11D0-8D11-00A0C91BC942}") = "aula1010", "aula1010\aula1010.vcxproj", "{500025B7-6673-4A2B-9795-DC13D0674B85}"
EndProject
Project("{8BC9CEB8-8B4A-11D0-8D11-00A0C91BC942}") = "CalculadoraSimples", "CalculadoraSimples\CalculadoraSimples.vcxproj", "{7883CF8C-C882-46B1-8243-AB2107ABAB88}"
EndProject
Project("{8BC9CEB8-8B4A-11D0-8D11-00A0C91BC942}") = "aula1710", "aula1710\aula1710.vcxproj", "{E8D5175D-5C9D-40A4-AD29-1D30138A8292}"
EndProject
Global
	GlobalSection(SolutionConfigurationPlatforms) = preSolution
		Debug|x64 = Debug|x64
		Debug|x86 = Debug|x86
		Release|x64 = Release|x64
		Release|x86 = Release|x86
	EndGlobalSection
	GlobalSection(ProjectConfigurationPlatforms) = postSolution
		{500025B7-6673-4A2B-9795-DC13D0674B85}.Debug|x64.ActiveCfg = Debug|x64
		{500025B7-6673-4A2B-9795-DC13D0674B85}.Debug|x64.Build.0 = Debug|x64
		{500025B7-6673-4A2B-9795-DC13D0674B85}.Debug|x86.ActiveCfg = Debug|Win32
		{500025B7-6673-4A2B-9795-DC13D0674B85}.Debug|x86.Build.0 = Debug|Win32
		{500025B7-6673-4A2B-9795-DC13D0674B85}.Release|x64.ActiveCfg = Release|x64
		{500025B7-6673-4A2B-9795-DC13D0674B85}.Release|x64.Build.0 = Release|x64
		{500025B7-6673-4A2B-9795-DC13D0674B85}.Release|x86.ActiveCfg = Release|Win32
		{500025B7-6673-4A2B-9795-DC13D0674B85}.Release|x86.Build.0 = Release|Win32
		{7883CF8C-C882-46B1-8243-AB2107ABAB88}.Debug|x64.ActiveCfg = Debug|x64
		{7883CF8C-C882-46B1-8243-AB2107ABAB88}.Debug|x64.Build.0 = Debug|x64
		{7883CF8C-C882-46B1-8243-AB2107ABAB88}.Debug|x86.ActiveCfg = Debug|Win32
		{7883CF8C-C882-46B1-8243-AB2107ABAB88}.Debug|x86.Build.0 = Debug|Win32
		{7883CF8C-C882-46B1-8243-AB2107ABAB88}.Release|x64.ActiveCfg = Release|x64
		{7883CF8C-C882-46B1-8243-AB2107ABAB88}.Release|x64.Build.0 = Release|x64
		{7883CF8C-C882-46B1-8243-AB2107ABAB88}.Release|x86.ActiveCfg = Release|Win32
		{7883CF8C-C882-46B1-8243-AB2107ABAB88}.Release|x86.Build.0 = Release|Win32
		{E8D5175D-5C9D-40A4-AD29-1D30138A8292}.Debug|x64.ActiveCfg = Debug|x64
		{E8D5175D-5C9D-40A4-AD29-1D30138A8292}.Debug|x64.Build.0 = Debug|x64
		{E8D5175D-5C9D-40A4-AD29-1D30138A8292}.Debug|x86.ActiveCfg = Debug|Win32
		{E8D5175D-5C9D-40A4-AD29-1D30138A8292}.Debug|x86.Build.0 = Debug|Win32
		{E8D5175D-5C9D-40A4-AD29-1D30138A8292}.Release|x64.ActiveCfg = Release|x64
		{E8D5175D-5C9D-40A4-AD29-1D30138A8292}.Release|x64.Build.0 = Release|x64
		{E8D5175D-5C9D-40A4-AD29-1D30138A8292}.Release|x86.ActiveCfg = Release|Win32
		{E8D5175D-5C9D-40A4-AD29-1D30138A8292}.Release|x86.Build.0 = Release|Win32
	EndGlobalSection
	GlobalSection(SolutionProperties) = preSolution
		HideSolutionNode = FALSE
	EndGlobalSection
EndGlobal
